# This file was autogenerated by Stack.
# You should not edit this file by hand.
# For more information, please see the documentation at:
#   https://docs.haskellstack.org/en/stable/lock_files

packages:
- completed:
    hackage: serialport-0.4.4@sha256:909dddff8cbafb55a78725e60c0f931696f895a8967bb91facb109f454fb7bd7,1037
    pantry-tree:
      size: 517
      sha256: 41dee9b9ce3e84fac042715389fe10eb5f8e0c1c6427775f443b62b0f1113678
  original:
    hackage: serialport-0.4.4
snapshots:
- completed:
    size: 531696
    url: https://raw.githubusercontent.com/commercialhaskell/stackage-snapshots/master/lts/16/3.yaml
    sha256: 65e3a94c65ad07fa1913649e3f1e36c4af51bf528a5d9fd217bdc1b46d0477cc
  original: lts-16.3
